// !$*UTF8*$!
{
	archiveVersion = 1;
	classes = {
	};
	objectVersion = 56;
	objects = {

/* Begin PBXBuildFile section */
		197DAA2D2B8DD4CA00D41A8D /* AppDelegate.swift in Sources */ = {isa = PBXBuildFile; fileRef = 197DAA2C2B8DD4CA00D41A8D /* AppDelegate.swift */; };
		197DAA2F2B8DD4CA00D41A8D /* SceneDelegate.swift in Sources */ = {isa = PBXBuildFile; fileRef = 197DAA2E2B8DD4CA00D41A8D /* SceneDelegate.swift */; };
		197DAA312B8DD4CA00D41A8D /* ViewController.swift in Sources */ = {isa = PBXBuildFile; fileRef = 197DAA302B8DD4CA00D41A8D /* ViewController.swift */; };
		197DAA342B8DD4CA00D41A8D /* Main.storyboard in Resources */ = {isa = PBXBuildFile; fileRef = 197DAA322B8DD4CA00D41A8D /* Main.storyboard */; };
		197DAA372B8DD4CA00D41A8D /* ToDoApp.xcdatamodeld in Sources */ = {isa = PBXBuildFile; fileRef = 197DAA352B8DD4CA00D41A8D /* ToDoApp.xcdatamodeld */; };
		197DAA392B8DD4CB00D41A8D /* Assets.xcassets in Resources */ = {isa = PBXBuildFile; fileRef = 197DAA382B8DD4CB00D41A8D /* Assets.xcassets */; };
		197DAA3C2B8DD4CB00D41A8D /* LaunchScreen.storyboard in Resources */ = {isa = PBXBuildFile; fileRef = 197DAA3A2B8DD4CB00D41A8D /* LaunchScreen.storyboard */; };
		197DAA442B8DD55800D41A8D /* Memo.swift in Sources */ = {isa = PBXBuildFile; fileRef = 197DAA432B8DD55800D41A8D /* Memo.swift */; };
		197DAA472B8DD68000D41A8D /* MemoData+CoreDataClass.swift in Sources */ = {isa = PBXBuildFile; fileRef = 197DAA452B8DD68000D41A8D /* MemoData+CoreDataClass.swift */; };
		197DAA482B8DD68000D41A8D /* MemoData+CoreDataProperties.swift in Sources */ = {isa = PBXBuildFile; fileRef = 197DAA462B8DD68000D41A8D /* MemoData+CoreDataProperties.swift */; };
/* End PBXBuildFile section */

/* Begin PBXFileReference section */
		197DAA292B8DD4CA00D41A8D /* ToDoApp.app */ = {isa = PBXFileReference; explicitFileType = wrapper.application; includeInIndex = 0; path = ToDoApp.app; sourceTree = BUILT_PRODUCTS_DIR; };
		197DAA2C2B8DD4CA00D41A8D /* AppDelegate.swift */ = {isa = PBXFileReference; lastKnownFileType = sourcecode.swift; path = AppDelegate.swift; sourceTree = "<group>"; };
		197DAA2E2B8DD4CA00D41A8D /* SceneDelegate.swift */ = {isa = PBXFileReference; lastKnownFileType = sourcecode.swift; path = SceneDelegate.swift; sourceTree = "<group>"; };
		197DAA302B8DD4CA00D41A8D /* ViewController.swift */ = {isa = PBXFileReference; lastKnownFileType = sourcecode.swift; path = ViewController.swift; sourceTree = "<group>"; };
		197DAA332B8DD4CA00D41A8D /* Base */ = {isa = PBXFileReference; lastKnownFileType = file.storyboard; name = Base; path = Base.lproj/Main.storyboard; sourceTree = "<group>"; };
		197DAA362B8DD4CA00D41A8D /* ToDoApp.xcdatamodel */ = {isa = PBXFileReference; lastKnownFileType = wrapper.xcdatamodel; path = ToDoApp.xcdatamodel; sourceTree = "<group>"; };
		197DAA382B8DD4CB00D41A8D /* Assets.xcassets */ = {isa = PBXFileReference; lastKnownFileType = folder.assetcatalog; path = Assets.xcassets; sourceTree = "<group>"; };
		197DAA3B2B8DD4CB00D41A8D /* Base */ = {isa = PBXFileReference; lastKnownFileType = file.storyboard; name = Base; path = Base.lproj/LaunchScreen.storyboard; sourceTree = "<group>"; };
		197DAA3D2B8DD4CB00D41A8D /* Info.plist */ = {isa = PBXFileReference; lastKnownFileType = text.plist.xml; path = Info.plist; sourceTree = "<group>"; };
		197DAA432B8DD55800D41A8D /* Memo.swift */ = {isa = PBXFileReference; lastKnownFileType = sourcecode.swift; path = Memo.swift; sourceTree = "<group>"; };
		197DAA452B8DD68000D41A8D /* MemoData+CoreDataClass.swift */ = {isa = PBXFileReference; lastKnownFileType = sourcecode.swift; path = "MemoData+CoreDataClass.swift"; sourceTree = "<group>"; };
		197DAA462B8DD68000D41A8D /* MemoData+CoreDataProperties.swift */ = {isa = PBXFileReference; lastKnownFileType = sourcecode.swift; path = "MemoData+CoreDataProperties.swift"; sourceTree = "<group>"; };
/* End PBXFileReference section */

/* Begin PBXFrameworksBuildPhase section */
		197DAA262B8DD4CA00D41A8D /* Frameworks */ = {
			isa = PBXFrameworksBuildPhase;
			buildActionMask = 2147483647;
			files = (
			);
			runOnlyForDeploymentPostprocessing = 0;
		};
/* End PBXFrameworksBuildPhase section */

/* Begin PBXGroup section */
		197DAA202B8DD4CA00D41A8D = {
			isa = PBXGroup;
			children = (
				197DAA2B2B8DD4CA00D41A8D /* ToDoApp */,
				197DAA2A2B8DD4CA00D41A8D /* Products */,
			);
			sourceTree = "<group>";
		};
		197DAA2A2B8DD4CA00D41A8D /* Products */ = {
			isa = PBXGroup;
			children = (
				197DAA292B8DD4CA00D41A8D /* ToDoApp.app */,
			);
			name = Products;
			sourceTree = "<group>";
		};
		197DAA2B2B8DD4CA00D41A8D /* ToDoApp */ = {
			isa = PBXGroup;
			children = (
				197DAA2C2B8DD4CA00D41A8D /* AppDelegate.swift */,
				197DAA2E2B8DD4CA00D41A8D /* SceneDelegate.swift */,
				197DAA302B8DD4CA00D41A8D /* ViewController.swift */,
				197DAA322B8DD4CA00D41A8D /* Main.storyboard */,
				197DAA382B8DD4CB00D41A8D /* Assets.xcassets */,
				197DAA3A2B8DD4CB00D41A8D /* LaunchScreen.storyboard */,
				197DAA3D2B8DD4CB00D41A8D /* Info.plist */,
				197DAA352B8DD4CA00D41A8D /* ToDoApp.xcdatamodeld */,
				197DAA432B8DD55800D41A8D /* Memo.swift */,
				197DAA452B8DD68000D41A8D /* MemoData+CoreDataClass.swift */,
				197DAA462B8DD68000D41A8D /* MemoData+CoreDataProperties.swift */,
			);
			path = ToDoApp;
			sourceTree = "<group>";
		};
/* End PBXGroup section */

/* Begin PBXNativeTarget section */
		197DAA282B8DD4CA00D41A8D /* ToDoApp */ = {
			isa = PBXNativeTarget;
			buildConfigurationList = 197DAA402B8DD4CB00D41A8D /* Build configuration list for PBXNativeTarget "ToDoApp" */;
			buildPhases = (
				197DAA252B8DD4CA00D41A8D /* Sources */,
				197DAA262B8DD4CA00D41A8D /* Frameworks */,
				197DAA272B8DD4CA00D41A8D /* Resources */,
			);
			buildRules = (
			);
			dependencies = (
			);
			name = ToDoApp;
			productName = ToDoApp;
			productReference = 197DAA292B8DD4CA00D41A8D /* ToDoApp.app */;
			productType = "com.apple.product-type.application";
		};
/* End PBXNativeTarget section */

/* Begin PBXProject section */
		197DAA212B8DD4CA00D41A8D /* Project object */ = {
			isa = PBXProject;
			attributes = {
				BuildIndependentTargetsInParallel = 1;
				LastSwiftUpdateCheck = 1520;
				LastUpgradeCheck = 1520;
				TargetAttributes = {
					197DAA282B8DD4CA00D41A8D = {
						CreatedOnToolsVersion = 15.2;
					};
				};
			};
			buildConfigurationList = 197DAA242B8DD4CA00D41A8D /* Build configuration list for PBXProject "ToDoApp" */;
			compatibilityVersion = "Xcode 14.0";
			developmentRegion = en;
			hasScannedForEncodings = 0;
			knownRegions = (
				en,
				Base,
			);
			mainGroup = 197DAA202B8DD4CA00D41A8D;
			productRefGroup = 197DAA2A2B8DD4CA00D41A8D /* Products */;
			projectDirPath = "";
			projectRoot = "";
			targets = (
				197DAA282B8DD4CA00D41A8D /* ToDoApp */,
			);
		};
/* End PBXProject section */

/* Begin PBXResourcesBuildPhase section */
		197DAA272B8DD4CA00D41A8D /* Resources */ = {
			isa = PBXResourcesBuildPhase;
			buildActionMask = 2147483647;
			files = (
				197DAA3C2B8DD4CB00D41A8D /* LaunchScreen.storyboard in Resources */,
				197DAA392B8DD4CB00D41A8D /* Assets.xcassets in Resources */,
				197DAA342B8DD4CA00D41A8D /* Main.storyboard in Resources */,
			);
			runOnlyForDeploymentPostprocessing = 0;
		};
/* End PBXResourcesBuildPhase section */

/* Begin PBXSourcesBuildPhase section */
		197DAA252B8DD4CA00D41A8D /* Sources */ = {
			isa = PBXSourcesBuildPhase;
			buildActionMask = 2147483647;
			files = (
				197DAA312B8DD4CA00D41A8D /* ViewController.swift in Sources */,
				197DAA2D2B8DD4CA00D41A8D /* AppDelegate.swift in Sources */,
				197DAA2F2B8DD4CA00D41A8D /* SceneDelegate.swift in Sources */,
				197DAA472B8DD68000D41A8D /* MemoData+CoreDataClass.swift in Sources */,
				197DAA482B8DD68000D41A8D /* MemoData+CoreDataProperties.swift in Sources */,
				197DAA372B8DD4CA00D41A8D /* ToDoApp.xcdatamodeld in Sources */,
				197DAA442B8DD55800D41A8D /* Memo.swift in Sources */,
			);
			runOnlyForDeploymentPostprocessing = 0;
		};
/* End PBXSourcesBuildPhase section */

/* Begin PBXVariantGroup section */
		197DAA322B8DD4CA00D41A8D /* Main.storyboard */ = {
			isa = PBXVariantGroup;
			children = (
				197DAA332B8DD4CA00D41A8D /* Base */,
			);
			name = Main.storyboard;
			sourceTree = "<group>";
		};
		197DAA3A2B8DD4CB00D41A8D /* LaunchScreen.storyboard */ = {
			isa = PBXVariantGroup;
			children = (
				197DAA3B2B8DD4CB00D41A8D /* Base */,
			);
			name = LaunchScreen.storyboard;
			sourceTree = "<group>";
		};
/* End PBXVariantGroup section */

/* Begin XCBuildConfiguration section */
		197DAA3E2B8DD4CB00D41A8D /* Debug */ = {
			isa = XCBuildConfiguration;
			buildSettings = {
				ALWAYS_SEARCH_USER_PATHS = NO;
				ASSETCATALOG_COMPILER_GENERATE_SWIFT_ASSET_SYMBOL_EXTENSIONS = YES;
				CLANG_ANALYZER_NONNULL = YES;
				CLANG_ANALYZER_NUMBER_OBJECT_CONVERSION = YES_AGGRESSIVE;
				CLANG_CXX_LANGUAGE_STANDARD = "gnu++20";
				CLANG_ENABLE_MODULES = YES;
				CLANG_ENABLE_OBJC_ARC = YES;
				CLANG_ENABLE_OBJC_WEAK = YES;
				CLANG_WARN_BLOCK_CAPTURE_AUTORELEASING = YES;
				CLANG_WARN_BOOL_CONVERSION = YES;
				CLANG_WARN_COMMA = YES;
				CLANG_WARN_CONSTANT_CONVERSION = YES;
				CLANG_WARN_DEPRECATED_OBJC_IMPLEMENTATIONS = YES;
				CLANG_WARN_DIRECT_OBJC_ISA_USAGE = YES_ERROR;
				CLANG_WARN_DOCUMENTATION_COMMENTS = YES;
				CLANG_WARN_EMPTY_BODY = YES;
				CLANG_WARN_ENUM_CONVERSION = YES;
				CLANG_WARN_INFINITE_RECURSION = YES;
				CLANG_WARN_INT_CONVERSION = YES;
				CLANG_WARN_NON_LITERAL_NULL_CONVERSION = YES;
				CLANG_WARN_OBJC_IMPLICIT_RETAIN_SELF = YES;
				CLANG_WARN_OBJC_LITERAL_CONVERSION = YES;
				CLANG_WARN_OBJC_ROOT_CLASS = YES_ERROR;
				CLANG_WARN_QUOTED_INCLUDE_IN_FRAMEWORK_HEADER = YES;
				CLANG_WARN_RANGE_LOOP_ANALYSIS = YES;
				CLANG_WARN_STRICT_PROTOTYPES = YES;
				CLANG_WARN_SUSPICIOUS_MOVE = YES;
				CLANG_WARN_UNGUARDED_AVAILABILITY = YES_AGGRESSIVE;
				CLANG_WARN_UNREACHABLE_CODE = YES;
				CLANG_WARN__DUPLICATE_METHOD_MATCH = YES;
				COPY_PHASE_STRIP = NO;
				DEBUG_INFORMATION_FORMAT = dwarf;
				ENABLE_STRICT_OBJC_MSGSEND = YES;
				ENABLE_TESTABILITY = YES;
				ENABLE_USER_SCRIPT_SANDBOXING = YES;
				GCC_C_LANGUAGE_STANDARD = gnu17;
				GCC_DYNAMIC_NO_PIC = NO;
				GCC_NO_COMMON_BLOCKS = YES;
				GCC_OPTIMIZATION_LEVEL = 0;
				GCC_PREPROCESSOR_DEFINITIONS = (
					"DEBUG=1",
					"$(inherited)",
				);
				GCC_WARN_64_TO_32_BIT_CONVERSION = YES;
				GCC_WARN_ABOUT_RETURN_TYPE = YES_ERROR;
				GCC_WARN_UNDECLARED_SELECTOR = YES;
				GCC_WARN_UNINITIALIZED_AUTOS = YES_AGGRESSIVE;
				GCC_WARN_UNUSED_FUNCTION = YES;
				GCC_WARN_UNUSED_VARIABLE = YES;
				IPHONEOS_DEPLOYMENT_TARGET = 17.2;
				LOCALIZATION_PREFERS_STRING_CATALOGS = YES;
				MTL_ENABLE_DEBUG_INFO = INCLUDE_SOURCE;
				MTL_FAST_MATH = YES;
				ONLY_ACTIVE_ARCH = YES;
				SDKROOT = iphoneos;
				SWIFT_ACTIVE_COMPILATION_CONDITIONS = "DEBUG $(inherited)";
				SWIFT_OPTIMIZATION_LEVEL = "-Onone";
			};
			name = Debug;
		};
		197DAA3F2B8DD4CB00D41A8D /* Release */ = {
			isa = XCBuildConfiguration;
			buildSettings = {
				ALWAYS_SEARCH_USER_PATHS = NO;
				ASSETCATALOG_COMPILER_GENERATE_SWIFT_ASSET_SYMBOL_EXTENSIONS = YES;
				CLANG_ANALYZER_NONNULL = YES;
				CLANG_ANALYZER_NUMBER_OBJECT_CONVERSION = YES_AGGRESSIVE;
				CLANG_CXX_LANGUAGE_STANDARD = "gnu++20";
				CLANG_ENABLE_MODULES = YES;
				CLANG_ENABLE_OBJC_ARC = YES;
				CLANG_ENABLE_OBJC_WEAK = YES;
				CLANG_WARN_BLOCK_CAPTURE_AUTORELEASING = YES;
				CLANG_WARN_BOOL_CONVERSION = YES;
				CLANG_WARN_COMMA = YES;
				CLANG_WARN_CONSTANT_CONVERSION = YES;
				CLANG_WARN_DEPRECATED_OBJC_IMPLEMENTATIONS = YES;
				CLANG_WARN_DIRECT_OBJC_ISA_USAGE = YES_ERROR;
				CLANG_WARN_DOCUMENTATION_COMMENTS = YES;
				CLANG_WARN_EMPTY_BODY = YES;
				CLANG_WARN_ENUM_CONVERSION = YES;
				CLANG_WARN_INFINITE_RECURSION = YES;
				CLANG_WARN_INT_CONVERSION = YES;
				CLANG_WARN_NON_LITERAL_NULL_CONVERSION = YES;
				CLANG_WARN_OBJC_IMPLICIT_RETAIN_SELF = YES;
				CLANG_WARN_OBJC_LITERAL_CONVERSION = YES;
				CLANG_WARN_OBJC_ROOT_CLASS = YES_ERROR;
				CLANG_WARN_QUOTED_INCLUDE_IN_FRAMEWORK_HEADER = YES;
				CLANG_WARN_RANGE_LOOP_ANALYSIS = YES;
				CLANG_WARN_STRICT_PROTOTYPES = YES;
				CLANG_WARN_SUSPICIOUS_MOVE = YES;
				CLANG_WARN_UNGUARDED_AVAILABILITY = YES_AGGRESSIVE;
				CLANG_WARN_UNREACHABLE_CODE = YES;
				CLANG_WARN__DUPLICATE_METHOD_MATCH = YES;
				COPY_PHASE_STRIP = NO;
				DEBUG_INFORMATION_FORMAT = "dwarf-with-dsym";
				ENABLE_NS_ASSERTIONS = NO;
				ENABLE_STRICT_OBJC_MSGSEND = YES;
				ENABLE_USER_SCRIPT_SANDBOXING = YES;
				GCC_C_LANGUAGE_STANDARD = gnu17;
				GCC_NO_COMMON_BLOCKS = YES;
				GCC_WARN_64_TO_32_BIT_CONVERSION = YES;
				GCC_WARN_ABOUT_RETURN_TYPE = YES_ERROR;
				GCC_WARN_UNDECLARED_SELECTOR = YES;
				GCC_WARN_UNINITIALIZED_AUTOS = YES_AGGRESSIVE;
				GCC_WARN_UNUSED_FUNCTION = YES;
				GCC_WARN_UNUSED_VARIABLE = YES;
				IPHONEOS_DEPLOYMENT_TARGET = 17.2;
				LOCALIZATION_PREFERS_STRING_CATALOGS = YES;
				MTL_ENABLE_DEBUG_INFO = NO;
				MTL_FAST_MATH = YES;
				SDKROOT = iphoneos;
				SWIFT_COMPILATION_MODE = wholemodule;
				VALIDATE_PRODUCT = YES;
			};
			name = Release;
		};
		197DAA412B8DD4CB00D41A8D /* Debug */ = {
			isa = XCBuildConfiguration;
			buildSettings = {
				ASSETCATALOG_COMPILER_APPICON_NAME = AppIcon;
				ASSETCATALOG_COMPILER_GLOBAL_ACCENT_COLOR_NAME = AccentColor;
				CODE_SIGN_STYLE = Automatic;
				CURRENT_PROJECT_VERSION = 1;
				GENERATE_INFOPLIST_FILE = YES;
				INFOPLIST_FILE = ToDoApp/Info.plist;
				INFOPLIST_KEY_UIApplicationSupportsIndirectInputEvents = YES;
				INFOPLIST_KEY_UILaunchStoryboardName = LaunchScreen;
				INFOPLIST_KEY_UIMainStoryboardFile = Main;
				INFOPLIST_KEY_UISupportedInterfaceOrientations_iPad = "UIInterfaceOrientationPortrait UIInterfaceOrientationPortraitUpsideDown UIInterfaceOrientationLandscapeLeft UIInterfaceOrientationLandscapeRight";
				INFOPLIST_KEY_UISupportedInterfaceOrientations_iPhone = "UIInterfaceOrientationPortrait UIInterfaceOrientationLandscapeLeft UIInterfaceOrientationLandscapeRight";
				LD_RUNPATH_SEARCH_PATHS = (
					"$(inherited)",
					"@executable_path/Frameworks",
				);
				MARKETING_VERSION = 1.0;
				PRODUCT_BUNDLE_IDENTIFIER = Study.ToDoApp;
				PRODUCT_NAME = "$(TARGET_NAME)";
				SWIFT_EMIT_LOC_STRINGS = YES;
				SWIFT_VERSION = 5.0;
				TARGETED_DEVICE_FAMILY = "1,2";
			};
			name = Debug;
		};
		197DAA422B8DD4CB00D41A8D /* Release */ = {
			isa = XCBuildConfiguration;
			buildSettings = {
				ASSETCATALOG_COMPILER_APPICON_NAME = AppIcon;
				ASSETCATALOG_COMPILER_GLOBAL_ACCENT_COLOR_NAME = AccentColor;
				CODE_SIGN_STYLE = Automatic;
				CURRENT_PROJECT_VERSION = 1;
				GENERATE_INFOPLIST_FILE = YES;
				INFOPLIST_FILE = ToDoApp/Info.plist;
				INFOPLIST_KEY_UIApplicationSupportsIndirectInputEvents = YES;
				INFOPLIST_KEY_UILaunchStoryboardName = LaunchScreen;
				INFOPLIST_KEY_UIMainStoryboardFile = Main;
				INFOPLIST_KEY_UISupportedInterfaceOrientations_iPad = "UIInterfaceOrientationPortrait UIInterfaceOrientationPortraitUpsideDown UIInterfaceOrientationLandscapeLeft UIInterfaceOrientationLandscapeRight";
				INFOPLIST_KEY_UISupportedInterfaceOrientations_iPhone = "UIInterfaceOrientationPortrait UIInterfaceOrientationLandscapeLeft UIInterfaceOrientationLandscapeRight";
				LD_RUNPATH_SEARCH_PATHS = (
					"$(inherited)",
					"@executable_path/Frameworks",
				);
				MARKETING_VERSION = 1.0;
				PRODUCT_BUNDLE_IDENTIFIER = Study.ToDoApp;
				PRODUCT_NAME = "$(TARGET_NAME)";
				SWIFT_EMIT_LOC_STRINGS = YES;
				SWIFT_VERSION = 5.0;
				TARGETED_DEVICE_FAMILY = "1,2";
			};
			name = Release;
		};
/* End XCBuildConfiguration section */

/* Begin XCConfigurationList section */
		197DAA242B8DD4CA00D41A8D /* Build configuration list for PBXProject "ToDoApp" */ = {
			isa = XCConfigurationList;
			buildConfigurations = (
				197DAA3E2B8DD4CB00D41A8D /* Debug */,
				197DAA3F2B8DD4CB00D41A8D /* Release */,
			);
			defaultConfigurationIsVisible = 0;
			defaultConfigurationName = Release;
		};
		197DAA402B8DD4CB00D41A8D /* Build configuration list for PBXNativeTarget "ToDoApp" */ = {
			isa = XCConfigurationList;
			buildConfigurations = (
				197DAA412B8DD4CB00D41A8D /* Debug */,
				197DAA422B8DD4CB00D41A8D /* Release */,
			);
			defaultConfigurationIsVisible = 0;
			defaultConfigurationName = Release;
		};
/* End XCConfigurationList section */

/* Begin XCVersionGroup section */
		197DAA352B8DD4CA00D41A8D /* ToDoApp.xcdatamodeld */ = {
			isa = XCVersionGroup;
			children = (
				197DAA362B8DD4CA00D41A8D /* ToDoApp.xcdatamodel */,
			);
			currentVersion = 197DAA362B8DD4CA00D41A8D /* ToDoApp.xcdatamodel */;
			path = ToDoApp.xcdatamodeld;
			sourceTree = "<group>";
			versionGroupType = wrapper.xcdatamodel;
		};
/* End XCVersionGroup section */
	};
	rootObject = 197DAA212B8DD4CA00D41A8D /* Project object */;
}
