// !$*UTF8*$!
{
	archiveVersion = 1;
	classes = {
	};
	objectVersion = 56;
	objects = {

/* Begin PBXBuildFile section */
		19A56B1A2BF44270003D85A3 /* AppDelegate.swift in Sources */ = {isa = PBXBuildFile; fileRef = 19A56B192BF44270003D85A3 /* AppDelegate.swift */; };
		19A56B1C2BF44270003D85A3 /* SceneDelegate.swift in Sources */ = {isa = PBXBuildFile; fileRef = 19A56B1B2BF44270003D85A3 /* SceneDelegate.swift */; };
		19A56B212BF44270003D85A3 /* Main.storyboard in Resources */ = {isa = PBXBuildFile; fileRef = 19A56B1F2BF44270003D85A3 /* Main.storyboard */; };
		19A56B232BF44271003D85A3 /* Assets.xcassets in Resources */ = {isa = PBXBuildFile; fileRef = 19A56B222BF44271003D85A3 /* Assets.xcassets */; };
		19A56B262BF44271003D85A3 /* LaunchScreen.storyboard in Resources */ = {isa = PBXBuildFile; fileRef = 19A56B242BF44271003D85A3 /* LaunchScreen.storyboard */; };
		19A56B2E2BF442D0003D85A3 /* LoginViewController.swift in Sources */ = {isa = PBXBuildFile; fileRef = 19A56B2D2BF442D0003D85A3 /* LoginViewController.swift */; };
		19A56B302BF44335003D85A3 /* FirstViewController.swift in Sources */ = {isa = PBXBuildFile; fileRef = 19A56B2F2BF44335003D85A3 /* FirstViewController.swift */; };
		19A56B322BF4433A003D85A3 /* SecondViewController.swift in Sources */ = {isa = PBXBuildFile; fileRef = 19A56B312BF4433A003D85A3 /* SecondViewController.swift */; };
		19A56B342BF4433F003D85A3 /* ThirdViewController.swift in Sources */ = {isa = PBXBuildFile; fileRef = 19A56B332BF4433F003D85A3 /* ThirdViewController.swift */; };
		19A56B362BF44347003D85A3 /* FourthViewController.swift in Sources */ = {isa = PBXBuildFile; fileRef = 19A56B352BF44347003D85A3 /* FourthViewController.swift */; };
		19A56B382BF4434C003D85A3 /* FifthViewController.swift in Sources */ = {isa = PBXBuildFile; fileRef = 19A56B372BF4434C003D85A3 /* FifthViewController.swift */; };
/* End PBXBuildFile section */

/* Begin PBXFileReference section */
		19A56B162BF44270003D85A3 /* T&NCode.app */ = {isa = PBXFileReference; explicitFileType = wrapper.application; includeInIndex = 0; path = "T&NCode.app"; sourceTree = BUILT_PRODUCTS_DIR; };
		19A56B192BF44270003D85A3 /* AppDelegate.swift */ = {isa = PBXFileReference; lastKnownFileType = sourcecode.swift; path = AppDelegate.swift; sourceTree = "<group>"; };
		19A56B1B2BF44270003D85A3 /* SceneDelegate.swift */ = {isa = PBXFileReference; lastKnownFileType = sourcecode.swift; path = SceneDelegate.swift; sourceTree = "<group>"; };
		19A56B202BF44270003D85A3 /* Base */ = {isa = PBXFileReference; lastKnownFileType = file.storyboard; name = Base; path = Base.lproj/Main.storyboard; sourceTree = "<group>"; };
		19A56B222BF44271003D85A3 /* Assets.xcassets */ = {isa = PBXFileReference; lastKnownFileType = folder.assetcatalog; path = Assets.xcassets; sourceTree = "<group>"; };
		19A56B252BF44271003D85A3 /* Base */ = {isa = PBXFileReference; lastKnownFileType = file.storyboard; name = Base; path = Base.lproj/LaunchScreen.storyboard; sourceTree = "<group>"; };
		19A56B272BF44271003D85A3 /* Info.plist */ = {isa = PBXFileReference; lastKnownFileType = text.plist.xml; path = Info.plist; sourceTree = "<group>"; };
		19A56B2D2BF442D0003D85A3 /* LoginViewController.swift */ = {isa = PBXFileReference; lastKnownFileType = sourcecode.swift; path = LoginViewController.swift; sourceTree = "<group>"; };
		19A56B2F2BF44335003D85A3 /* FirstViewController.swift */ = {isa = PBXFileReference; lastKnownFileType = sourcecode.swift; path = FirstViewController.swift; sourceTree = "<group>"; };
		19A56B312BF4433A003D85A3 /* SecondViewController.swift */ = {isa = PBXFileReference; lastKnownFileType = sourcecode.swift; path = SecondViewController.swift; sourceTree = "<group>"; };
		19A56B332BF4433F003D85A3 /* ThirdViewController.swift */ = {isa = PBXFileReference; lastKnownFileType = sourcecode.swift; path = ThirdViewController.swift; sourceTree = "<group>"; };
		19A56B352BF44347003D85A3 /* FourthViewController.swift */ = {isa = PBXFileReference; lastKnownFileType = sourcecode.swift; path = FourthViewController.swift; sourceTree = "<group>"; };
		19A56B372BF4434C003D85A3 /* FifthViewController.swift */ = {isa = PBXFileReference; lastKnownFileType = sourcecode.swift; path = FifthViewController.swift; sourceTree = "<group>"; };
/* End PBXFileReference section */

/* Begin PBXFrameworksBuildPhase section */
		19A56B132BF44270003D85A3 /* Frameworks */ = {
			isa = PBXFrameworksBuildPhase;
			buildActionMask = 2147483647;
			files = (
			);
			runOnlyForDeploymentPostprocessing = 0;
		};
/* End PBXFrameworksBuildPhase section */

/* Begin PBXGroup section */
		19A56B0D2BF44270003D85A3 = {
			isa = PBXGroup;
			children = (
				19A56B182BF44270003D85A3 /* T&NCode */,
				19A56B172BF44270003D85A3 /* Products */,
			);
			sourceTree = "<group>";
		};
		19A56B172BF44270003D85A3 /* Products */ = {
			isa = PBXGroup;
			children = (
				19A56B162BF44270003D85A3 /* T&NCode.app */,
			);
			name = Products;
			sourceTree = "<group>";
		};
		19A56B182BF44270003D85A3 /* T&NCode */ = {
			isa = PBXGroup;
			children = (
				19A56B192BF44270003D85A3 /* AppDelegate.swift */,
				19A56B1B2BF44270003D85A3 /* SceneDelegate.swift */,
				19A56B2D2BF442D0003D85A3 /* LoginViewController.swift */,
				19A56B2F2BF44335003D85A3 /* FirstViewController.swift */,
				19A56B312BF4433A003D85A3 /* SecondViewController.swift */,
				19A56B332BF4433F003D85A3 /* ThirdViewController.swift */,
				19A56B352BF44347003D85A3 /* FourthViewController.swift */,
				19A56B372BF4434C003D85A3 /* FifthViewController.swift */,
				19A56B1F2BF44270003D85A3 /* Main.storyboard */,
				19A56B222BF44271003D85A3 /* Assets.xcassets */,
				19A56B242BF44271003D85A3 /* LaunchScreen.storyboard */,
				19A56B272BF44271003D85A3 /* Info.plist */,
			);
			path = "T&NCode";
			sourceTree = "<group>";
		};
/* End PBXGroup section */

/* Begin PBXNativeTarget section */
		19A56B152BF44270003D85A3 /* T&NCode */ = {
			isa = PBXNativeTarget;
			buildConfigurationList = 19A56B2A2BF44271003D85A3 /* Build configuration list for PBXNativeTarget "T&NCode" */;
			buildPhases = (
				19A56B122BF44270003D85A3 /* Sources */,
				19A56B132BF44270003D85A3 /* Frameworks */,
				19A56B142BF44270003D85A3 /* Resources */,
			);
			buildRules = (
			);
			dependencies = (
			);
			name = "T&NCode";
			productName = "T&NCode";
			productReference = 19A56B162BF44270003D85A3 /* T&NCode.app */;
			productType = "com.apple.product-type.application";
		};
/* End PBXNativeTarget section */

/* Begin PBXProject section */
		19A56B0E2BF44270003D85A3 /* Project object */ = {
			isa = PBXProject;
			attributes = {
				BuildIndependentTargetsInParallel = 1;
				LastSwiftUpdateCheck = 1520;
				LastUpgradeCheck = 1520;
				TargetAttributes = {
					19A56B152BF44270003D85A3 = {
						CreatedOnToolsVersion = 15.2;
					};
				};
			};
			buildConfigurationList = 19A56B112BF44270003D85A3 /* Build configuration list for PBXProject "T&NCode" */;
			compatibilityVersion = "Xcode 14.0";
			developmentRegion = en;
			hasScannedForEncodings = 0;
			knownRegions = (
				en,
				Base,
			);
			mainGroup = 19A56B0D2BF44270003D85A3;
			productRefGroup = 19A56B172BF44270003D85A3 /* Products */;
			projectDirPath = "";
			projectRoot = "";
			targets = (
				19A56B152BF44270003D85A3 /* T&NCode */,
			);
		};
/* End PBXProject section */

/* Begin PBXResourcesBuildPhase section */
		19A56B142BF44270003D85A3 /* Resources */ = {
			isa = PBXResourcesBuildPhase;
			buildActionMask = 2147483647;
			files = (
				19A56B262BF44271003D85A3 /* LaunchScreen.storyboard in Resources */,
				19A56B232BF44271003D85A3 /* Assets.xcassets in Resources */,
				19A56B212BF44270003D85A3 /* Main.storyboard in Resources */,
			);
			runOnlyForDeploymentPostprocessing = 0;
		};
/* End PBXResourcesBuildPhase section */

/* Begin PBXSourcesBuildPhase section */
		19A56B122BF44270003D85A3 /* Sources */ = {
			isa = PBXSourcesBuildPhase;
			buildActionMask = 2147483647;
			files = (
				19A56B2E2BF442D0003D85A3 /* LoginViewController.swift in Sources */,
				19A56B1A2BF44270003D85A3 /* AppDelegate.swift in Sources */,
				19A56B1C2BF44270003D85A3 /* SceneDelegate.swift in Sources */,
				19A56B362BF44347003D85A3 /* FourthViewController.swift in Sources */,
				19A56B382BF4434C003D85A3 /* FifthViewController.swift in Sources */,
				19A56B322BF4433A003D85A3 /* SecondViewController.swift in Sources */,
				19A56B342BF4433F003D85A3 /* ThirdViewController.swift in Sources */,
				19A56B302BF44335003D85A3 /* FirstViewController.swift in Sources */,
			);
			runOnlyForDeploymentPostprocessing = 0;
		};
/* End PBXSourcesBuildPhase section */

/* Begin PBXVariantGroup section */
		19A56B1F2BF44270003D85A3 /* Main.storyboard */ = {
			isa = PBXVariantGroup;
			children = (
				19A56B202BF44270003D85A3 /* Base */,
			);
			name = Main.storyboard;
			sourceTree = "<group>";
		};
		19A56B242BF44271003D85A3 /* LaunchScreen.storyboard */ = {
			isa = PBXVariantGroup;
			children = (
				19A56B252BF44271003D85A3 /* Base */,
			);
			name = LaunchScreen.storyboard;
			sourceTree = "<group>";
		};
/* End PBXVariantGroup section */

/* Begin XCBuildConfiguration section */
		19A56B282BF44271003D85A3 /* Debug */ = {
			isa = XCBuildConfiguration;
			buildSettings = {
				ALWAYS_SEARCH_USER_PATHS = NO;
				ASSETCATALOG_COMPILER_GENERATE_SWIFT_ASSET_SYMBOL_EXTENSIONS = YES;
				CLANG_ANALYZER_NONNULL = YES;
				CLANG_ANALYZER_NUMBER_OBJECT_CONVERSION = YES_AGGRESSIVE;
				CLANG_CXX_LANGUAGE_STANDARD = "gnu++20";
				CLANG_ENABLE_MODULES = YES;
				CLANG_ENABLE_OBJC_ARC = YES;
				CLANG_ENABLE_OBJC_WEAK = YES;
				CLANG_WARN_BLOCK_CAPTURE_AUTORELEASING = YES;
				CLANG_WARN_BOOL_CONVERSION = YES;
				CLANG_WARN_COMMA = YES;
				CLANG_WARN_CONSTANT_CONVERSION = YES;
				CLANG_WARN_DEPRECATED_OBJC_IMPLEMENTATIONS = YES;
				CLANG_WARN_DIRECT_OBJC_ISA_USAGE = YES_ERROR;
				CLANG_WARN_DOCUMENTATION_COMMENTS = YES;
				CLANG_WARN_EMPTY_BODY = YES;
				CLANG_WARN_ENUM_CONVERSION = YES;
				CLANG_WARN_INFINITE_RECURSION = YES;
				CLANG_WARN_INT_CONVERSION = YES;
				CLANG_WARN_NON_LITERAL_NULL_CONVERSION = YES;
				CLANG_WARN_OBJC_IMPLICIT_RETAIN_SELF = YES;
				CLANG_WARN_OBJC_LITERAL_CONVERSION = YES;
				CLANG_WARN_OBJC_ROOT_CLASS = YES_ERROR;
				CLANG_WARN_QUOTED_INCLUDE_IN_FRAMEWORK_HEADER = YES;
				CLANG_WARN_RANGE_LOOP_ANALYSIS = YES;
				CLANG_WARN_STRICT_PROTOTYPES = YES;
				CLANG_WARN_SUSPICIOUS_MOVE = YES;
				CLANG_WARN_UNGUARDED_AVAILABILITY = YES_AGGRESSIVE;
				CLANG_WARN_UNREACHABLE_CODE = YES;
				CLANG_WARN__DUPLICATE_METHOD_MATCH = YES;
				COPY_PHASE_STRIP = NO;
				DEBUG_INFORMATION_FORMAT = dwarf;
				ENABLE_STRICT_OBJC_MSGSEND = YES;
				ENABLE_TESTABILITY = YES;
				ENABLE_USER_SCRIPT_SANDBOXING = YES;
				GCC_C_LANGUAGE_STANDARD = gnu17;
				GCC_DYNAMIC_NO_PIC = NO;
				GCC_NO_COMMON_BLOCKS = YES;
				GCC_OPTIMIZATION_LEVEL = 0;
				GCC_PREPROCESSOR_DEFINITIONS = (
					"DEBUG=1",
					"$(inherited)",
				);
				GCC_WARN_64_TO_32_BIT_CONVERSION = YES;
				GCC_WARN_ABOUT_RETURN_TYPE = YES_ERROR;
				GCC_WARN_UNDECLARED_SELECTOR = YES;
				GCC_WARN_UNINITIALIZED_AUTOS = YES_AGGRESSIVE;
				GCC_WARN_UNUSED_FUNCTION = YES;
				GCC_WARN_UNUSED_VARIABLE = YES;
				IPHONEOS_DEPLOYMENT_TARGET = 17.2;
				LOCALIZATION_PREFERS_STRING_CATALOGS = YES;
				MTL_ENABLE_DEBUG_INFO = INCLUDE_SOURCE;
				MTL_FAST_MATH = YES;
				ONLY_ACTIVE_ARCH = YES;
				SDKROOT = iphoneos;
				SWIFT_ACTIVE_COMPILATION_CONDITIONS = "DEBUG $(inherited)";
				SWIFT_OPTIMIZATION_LEVEL = "-Onone";
			};
			name = Debug;
		};
		19A56B292BF44271003D85A3 /* Release */ = {
			isa = XCBuildConfiguration;
			buildSettings = {
				ALWAYS_SEARCH_USER_PATHS = NO;
				ASSETCATALOG_COMPILER_GENERATE_SWIFT_ASSET_SYMBOL_EXTENSIONS = YES;
				CLANG_ANALYZER_NONNULL = YES;
				CLANG_ANALYZER_NUMBER_OBJECT_CONVERSION = YES_AGGRESSIVE;
				CLANG_CXX_LANGUAGE_STANDARD = "gnu++20";
				CLANG_ENABLE_MODULES = YES;
				CLANG_ENABLE_OBJC_ARC = YES;
				CLANG_ENABLE_OBJC_WEAK = YES;
				CLANG_WARN_BLOCK_CAPTURE_AUTORELEASING = YES;
				CLANG_WARN_BOOL_CONVERSION = YES;
				CLANG_WARN_COMMA = YES;
				CLANG_WARN_CONSTANT_CONVERSION = YES;
				CLANG_WARN_DEPRECATED_OBJC_IMPLEMENTATIONS = YES;
				CLANG_WARN_DIRECT_OBJC_ISA_USAGE = YES_ERROR;
				CLANG_WARN_DOCUMENTATION_COMMENTS = YES;
				CLANG_WARN_EMPTY_BODY = YES;
				CLANG_WARN_ENUM_CONVERSION = YES;
				CLANG_WARN_INFINITE_RECURSION = YES;
				CLANG_WARN_INT_CONVERSION = YES;
				CLANG_WARN_NON_LITERAL_NULL_CONVERSION = YES;
				CLANG_WARN_OBJC_IMPLICIT_RETAIN_SELF = YES;
				CLANG_WARN_OBJC_LITERAL_CONVERSION = YES;
				CLANG_WARN_OBJC_ROOT_CLASS = YES_ERROR;
				CLANG_WARN_QUOTED_INCLUDE_IN_FRAMEWORK_HEADER = YES;
				CLANG_WARN_RANGE_LOOP_ANALYSIS = YES;
				CLANG_WARN_STRICT_PROTOTYPES = YES;
				CLANG_WARN_SUSPICIOUS_MOVE = YES;
				CLANG_WARN_UNGUARDED_AVAILABILITY = YES_AGGRESSIVE;
				CLANG_WARN_UNREACHABLE_CODE = YES;
				CLANG_WARN__DUPLICATE_METHOD_MATCH = YES;
				COPY_PHASE_STRIP = NO;
				DEBUG_INFORMATION_FORMAT = "dwarf-with-dsym";
				ENABLE_NS_ASSERTIONS = NO;
				ENABLE_STRICT_OBJC_MSGSEND = YES;
				ENABLE_USER_SCRIPT_SANDBOXING = YES;
				GCC_C_LANGUAGE_STANDARD = gnu17;
				GCC_NO_COMMON_BLOCKS = YES;
				GCC_WARN_64_TO_32_BIT_CONVERSION = YES;
				GCC_WARN_ABOUT_RETURN_TYPE = YES_ERROR;
				GCC_WARN_UNDECLARED_SELECTOR = YES;
				GCC_WARN_UNINITIALIZED_AUTOS = YES_AGGRESSIVE;
				GCC_WARN_UNUSED_FUNCTION = YES;
				GCC_WARN_UNUSED_VARIABLE = YES;
				IPHONEOS_DEPLOYMENT_TARGET = 17.2;
				LOCALIZATION_PREFERS_STRING_CATALOGS = YES;
				MTL_ENABLE_DEBUG_INFO = NO;
				MTL_FAST_MATH = YES;
				SDKROOT = iphoneos;
				SWIFT_COMPILATION_MODE = wholemodule;
				VALIDATE_PRODUCT = YES;
			};
			name = Release;
		};
		19A56B2B2BF44271003D85A3 /* Debug */ = {
			isa = XCBuildConfiguration;
			buildSettings = {
				ASSETCATALOG_COMPILER_APPICON_NAME = AppIcon;
				ASSETCATALOG_COMPILER_GLOBAL_ACCENT_COLOR_NAME = AccentColor;
				CODE_SIGN_STYLE = Automatic;
				CURRENT_PROJECT_VERSION = 1;
				GENERATE_INFOPLIST_FILE = YES;
				INFOPLIST_FILE = "T&NCode/Info.plist";
				INFOPLIST_KEY_UIApplicationSupportsIndirectInputEvents = YES;
				INFOPLIST_KEY_UILaunchStoryboardName = LaunchScreen;
				INFOPLIST_KEY_UIMainStoryboardFile = Main;
				INFOPLIST_KEY_UISupportedInterfaceOrientations_iPad = "UIInterfaceOrientationPortrait UIInterfaceOrientationPortraitUpsideDown UIInterfaceOrientationLandscapeLeft UIInterfaceOrientationLandscapeRight";
				INFOPLIST_KEY_UISupportedInterfaceOrientations_iPhone = "UIInterfaceOrientationPortrait UIInterfaceOrientationLandscapeLeft UIInterfaceOrientationLandscapeRight";
				LD_RUNPATH_SEARCH_PATHS = (
					"$(inherited)",
					"@executable_path/Frameworks",
				);
				MARKETING_VERSION = 1.0;
				PRODUCT_BUNDLE_IDENTIFIER = "iosStudy.T-NCode";
				PRODUCT_NAME = "$(TARGET_NAME)";
				SUPPORTED_PLATFORMS = "iphoneos iphonesimulator";
				SUPPORTS_MACCATALYST = NO;
				SUPPORTS_MAC_DESIGNED_FOR_IPHONE_IPAD = NO;
				SUPPORTS_XR_DESIGNED_FOR_IPHONE_IPAD = NO;
				SWIFT_EMIT_LOC_STRINGS = YES;
				SWIFT_VERSION = 5.0;
				TARGETED_DEVICE_FAMILY = 1;
			};
			name = Debug;
		};
		19A56B2C2BF44271003D85A3 /* Release */ = {
			isa = XCBuildConfiguration;
			buildSettings = {
				ASSETCATALOG_COMPILER_APPICON_NAME = AppIcon;
				ASSETCATALOG_COMPILER_GLOBAL_ACCENT_COLOR_NAME = AccentColor;
				CODE_SIGN_STYLE = Automatic;
				CURRENT_PROJECT_VERSION = 1;
				GENERATE_INFOPLIST_FILE = YES;
				INFOPLIST_FILE = "T&NCode/Info.plist";
				INFOPLIST_KEY_UIApplicationSupportsIndirectInputEvents = YES;
				INFOPLIST_KEY_UILaunchStoryboardName = LaunchScreen;
				INFOPLIST_KEY_UIMainStoryboardFile = Main;
				INFOPLIST_KEY_UISupportedInterfaceOrientations_iPad = "UIInterfaceOrientationPortrait UIInterfaceOrientationPortraitUpsideDown UIInterfaceOrientationLandscapeLeft UIInterfaceOrientationLandscapeRight";
				INFOPLIST_KEY_UISupportedInterfaceOrientations_iPhone = "UIInterfaceOrientationPortrait UIInterfaceOrientationLandscapeLeft UIInterfaceOrientationLandscapeRight";
				LD_RUNPATH_SEARCH_PATHS = (
					"$(inherited)",
					"@executable_path/Frameworks",
				);
				MARKETING_VERSION = 1.0;
				PRODUCT_BUNDLE_IDENTIFIER = "iosStudy.T-NCode";
				PRODUCT_NAME = "$(TARGET_NAME)";
				SUPPORTED_PLATFORMS = "iphoneos iphonesimulator";
				SUPPORTS_MACCATALYST = NO;
				SUPPORTS_MAC_DESIGNED_FOR_IPHONE_IPAD = NO;
				SUPPORTS_XR_DESIGNED_FOR_IPHONE_IPAD = NO;
				SWIFT_EMIT_LOC_STRINGS = YES;
				SWIFT_VERSION = 5.0;
				TARGETED_DEVICE_FAMILY = 1;
			};
			name = Release;
		};
/* End XCBuildConfiguration section */

/* Begin XCConfigurationList section */
		19A56B112BF44270003D85A3 /* Build configuration list for PBXProject "T&NCode" */ = {
			isa = XCConfigurationList;
			buildConfigurations = (
				19A56B282BF44271003D85A3 /* Debug */,
				19A56B292BF44271003D85A3 /* Release */,
			);
			defaultConfigurationIsVisible = 0;
			defaultConfigurationName = Release;
		};
		19A56B2A2BF44271003D85A3 /* Build configuration list for PBXNativeTarget "T&NCode" */ = {
			isa = XCConfigurationList;
			buildConfigurations = (
				19A56B2B2BF44271003D85A3 /* Debug */,
				19A56B2C2BF44271003D85A3 /* Release */,
			);
			defaultConfigurationIsVisible = 0;
			defaultConfigurationName = Release;
		};
/* End XCConfigurationList section */
	};
	rootObject = 19A56B0E2BF44270003D85A3 /* Project object */;
}
